
Microsoft Visual Studio Solution File, Format Version 12.00
# Visual Studio Version 17
VisualStudioVersion = 17.3.32804.467
MinimumVisualStudioVersion = 10.0.40219.1
Project("{FAE04EC0-301F-11D3-BF4B-00C04F79EFBC}") = "PlusMinusTest", "PlusMinusTest\PlusMinusTest.csproj", "{BFF31D6F-CEE9-4AB2-819D-01EC1626D3F9}"
EndProject
Project("{FAE04EC0-301F-11D3-BF4B-00C04F79EFBC}") = "DemoClass", "DemoClass\DemoClass.csproj", "{7B3ACA6F-FC45-44C7-BA7D-2042E27544FF}"
EndProject
Project("{FAE04EC0-301F-11D3-BF4B-00C04F79EFBC}") = "arrey example in for loop", "arrey example in for loop\arrey example in for loop.csproj", "{099BF664-E881-4CD8-BC0C-CA7202F42BFA}"
EndProject
Project("{FAE04EC0-301F-11D3-BF4B-00C04F79EFBC}") = "arrey for loop example", "arrey for loop example\arrey for loop example.csproj", "{1A75B479-E19A-4FD6-A742-68C3F194B66D}"
EndProject
Project("{FAE04EC0-301F-11D3-BF4B-00C04F79EFBC}") = "ConsoleStatement", "ConsoleStatement\ConsoleStatement.csproj", "{275624A5-DF6C-403E-83AE-83A9DBF27803}"
EndProject
Project("{FAE04EC0-301F-11D3-BF4B-00C04F79EFBC}") = "if example", "if example\if example.csproj", "{8CB5586C-4DEE-4E8B-AE5B-5A607460E92A}"
EndProject
Project("{FAE04EC0-301F-11D3-BF4B-00C04F79EFBC}") = "Hello ConsoleApp", "Hello ConsoleApp\Hello ConsoleApp.csproj", "{47186493-B128-4631-81D6-9FAFDC318429}"
EndProject
Project("{FAE04EC0-301F-11D3-BF4B-00C04F79EFBC}") = "ConsoleApp1", "ConsoleApp1\ConsoleApp1.csproj", "{74DE4329-BCC2-440B-9F23-B5AA1D65E72D}"
EndProject
Project("{FAE04EC0-301F-11D3-BF4B-00C04F79EFBC}") = "find the length of string", "find the length of string\find the length of string.csproj", "{9139D985-7494-414C-9454-F667E3E58B5F}"
EndProject
Project("{FAE04EC0-301F-11D3-BF4B-00C04F79EFBC}") = "Sample Soluction", "Sample Soluction\Sample Soluction.csproj", "{958B379B-FD52-48B7-ADD8-3C844DB52D2D}"
EndProject
Project("{FAE04EC0-301F-11D3-BF4B-00C04F79EFBC}") = "Separate the individual Characters from a string", "Separate the individual Characters from a string\Separate the individual Characters from a string.csproj", "{D7B0A779-FCF1-43A1-BB55-6F7123A58754}"
EndProject
Project("{FAE04EC0-301F-11D3-BF4B-00C04F79EFBC}") = "print individual characters of the string in reverse order", "print individual characters of the string in reverse order\print individual characters of the string in reverse order.csproj", "{293AF43A-F298-4FFB-BD59-61B319839136}"
EndProject
Project("{FAE04EC0-301F-11D3-BF4B-00C04F79EFBC}") = "string in reverse order", "string in reverse order\string in reverse order.csproj", "{87E7E716-6F4F-466B-8A50-FD6D7EAC9939}"
EndProject
Project("{FAE04EC0-301F-11D3-BF4B-00C04F79EFBC}") = "total number of words in string", "total number of words in string\total number of words in string.csproj", "{A51802F3-4845-4E1C-A23F-4023C26765F0}"
EndProject
Project("{FAE04EC0-301F-11D3-BF4B-00C04F79EFBC}") = "total number of words in the string", "total number of words in the string\total number of words in the string.csproj", "{E0223345-C7E6-4D9A-BC08-149023C1D5E2}"
EndProject
Project("{FAE04EC0-301F-11D3-BF4B-00C04F79EFBC}") = "number of words in the string", "number of words in the string\number of words in the string.csproj", "{E367084D-D2CB-41E7-901E-8C301D4D9480}"
EndProject
Project("{FAE04EC0-301F-11D3-BF4B-00C04F79EFBC}") = "strings", "strings\strings.csproj", "{AE805D9E-EF93-424E-8F78-8162B3898489}"
EndProject
Global
	GlobalSection(SolutionConfigurationPlatforms) = preSolution
		Debug|Any CPU = Debug|Any CPU
		Debug|x86 = Debug|x86
		Release|Any CPU = Release|Any CPU
		Release|x86 = Release|x86
	EndGlobalSection
	GlobalSection(ProjectConfigurationPlatforms) = postSolution
		{BFF31D6F-CEE9-4AB2-819D-01EC1626D3F9}.Debug|Any CPU.ActiveCfg = Debug|Any CPU
		{BFF31D6F-CEE9-4AB2-819D-01EC1626D3F9}.Debug|Any CPU.Build.0 = Debug|Any CPU
		{BFF31D6F-CEE9-4AB2-819D-01EC1626D3F9}.Debug|x86.ActiveCfg = Debug|Any CPU
		{BFF31D6F-CEE9-4AB2-819D-01EC1626D3F9}.Debug|x86.Build.0 = Debug|Any CPU
		{BFF31D6F-CEE9-4AB2-819D-01EC1626D3F9}.Release|Any CPU.ActiveCfg = Release|Any CPU
		{BFF31D6F-CEE9-4AB2-819D-01EC1626D3F9}.Release|Any CPU.Build.0 = Release|Any CPU
		{BFF31D6F-CEE9-4AB2-819D-01EC1626D3F9}.Release|x86.ActiveCfg = Release|Any CPU
		{BFF31D6F-CEE9-4AB2-819D-01EC1626D3F9}.Release|x86.Build.0 = Release|Any CPU
		{7B3ACA6F-FC45-44C7-BA7D-2042E27544FF}.Debug|Any CPU.ActiveCfg = Debug|Any CPU
		{7B3ACA6F-FC45-44C7-BA7D-2042E27544FF}.Debug|Any CPU.Build.0 = Debug|Any CPU
		{7B3ACA6F-FC45-44C7-BA7D-2042E27544FF}.Debug|x86.ActiveCfg = Debug|Any CPU
		{7B3ACA6F-FC45-44C7-BA7D-2042E27544FF}.Debug|x86.Build.0 = Debug|Any CPU
		{7B3ACA6F-FC45-44C7-BA7D-2042E27544FF}.Release|Any CPU.ActiveCfg = Release|Any CPU
		{7B3ACA6F-FC45-44C7-BA7D-2042E27544FF}.Release|Any CPU.Build.0 = Release|Any CPU
		{7B3ACA6F-FC45-44C7-BA7D-2042E27544FF}.Release|x86.ActiveCfg = Release|Any CPU
		{7B3ACA6F-FC45-44C7-BA7D-2042E27544FF}.Release|x86.Build.0 = Release|Any CPU
		{099BF664-E881-4CD8-BC0C-CA7202F42BFA}.Debug|Any CPU.ActiveCfg = Debug|Any CPU
		{099BF664-E881-4CD8-BC0C-CA7202F42BFA}.Debug|Any CPU.Build.0 = Debug|Any CPU
		{099BF664-E881-4CD8-BC0C-CA7202F42BFA}.Debug|x86.ActiveCfg = Debug|Any CPU
		{099BF664-E881-4CD8-BC0C-CA7202F42BFA}.Debug|x86.Build.0 = Debug|Any CPU
		{099BF664-E881-4CD8-BC0C-CA7202F42BFA}.Release|Any CPU.ActiveCfg = Release|Any CPU
		{099BF664-E881-4CD8-BC0C-CA7202F42BFA}.Release|Any CPU.Build.0 = Release|Any CPU
		{099BF664-E881-4CD8-BC0C-CA7202F42BFA}.Release|x86.ActiveCfg = Release|Any CPU
		{099BF664-E881-4CD8-BC0C-CA7202F42BFA}.Release|x86.Build.0 = Release|Any CPU
		{1A75B479-E19A-4FD6-A742-68C3F194B66D}.Debug|Any CPU.ActiveCfg = Debug|Any CPU
		{1A75B479-E19A-4FD6-A742-68C3F194B66D}.Debug|Any CPU.Build.0 = Debug|Any CPU
		{1A75B479-E19A-4FD6-A742-68C3F194B66D}.Debug|x86.ActiveCfg = Debug|Any CPU
		{1A75B479-E19A-4FD6-A742-68C3F194B66D}.Debug|x86.Build.0 = Debug|Any CPU
		{1A75B479-E19A-4FD6-A742-68C3F194B66D}.Release|Any CPU.ActiveCfg = Release|Any CPU
		{1A75B479-E19A-4FD6-A742-68C3F194B66D}.Release|Any CPU.Build.0 = Release|Any CPU
		{1A75B479-E19A-4FD6-A742-68C3F194B66D}.Release|x86.ActiveCfg = Release|Any CPU
		{1A75B479-E19A-4FD6-A742-68C3F194B66D}.Release|x86.Build.0 = Release|Any CPU
		{275624A5-DF6C-403E-83AE-83A9DBF27803}.Debug|Any CPU.ActiveCfg = Debug|Any CPU
		{275624A5-DF6C-403E-83AE-83A9DBF27803}.Debug|Any CPU.Build.0 = Debug|Any CPU
		{275624A5-DF6C-403E-83AE-83A9DBF27803}.Debug|x86.ActiveCfg = Debug|Any CPU
		{275624A5-DF6C-403E-83AE-83A9DBF27803}.Debug|x86.Build.0 = Debug|Any CPU
		{275624A5-DF6C-403E-83AE-83A9DBF27803}.Release|Any CPU.ActiveCfg = Release|Any CPU
		{275624A5-DF6C-403E-83AE-83A9DBF27803}.Release|Any CPU.Build.0 = Release|Any CPU
		{275624A5-DF6C-403E-83AE-83A9DBF27803}.Release|x86.ActiveCfg = Release|Any CPU
		{275624A5-DF6C-403E-83AE-83A9DBF27803}.Release|x86.Build.0 = Release|Any CPU
		{8CB5586C-4DEE-4E8B-AE5B-5A607460E92A}.Debug|Any CPU.ActiveCfg = Debug|Any CPU
		{8CB5586C-4DEE-4E8B-AE5B-5A607460E92A}.Debug|Any CPU.Build.0 = Debug|Any CPU
		{8CB5586C-4DEE-4E8B-AE5B-5A607460E92A}.Debug|x86.ActiveCfg = Debug|Any CPU
		{8CB5586C-4DEE-4E8B-AE5B-5A607460E92A}.Debug|x86.Build.0 = Debug|Any CPU
		{8CB5586C-4DEE-4E8B-AE5B-5A607460E92A}.Release|Any CPU.ActiveCfg = Release|Any CPU
		{8CB5586C-4DEE-4E8B-AE5B-5A607460E92A}.Release|Any CPU.Build.0 = Release|Any CPU
		{8CB5586C-4DEE-4E8B-AE5B-5A607460E92A}.Release|x86.ActiveCfg = Release|Any CPU
		{8CB5586C-4DEE-4E8B-AE5B-5A607460E92A}.Release|x86.Build.0 = Release|Any CPU
		{47186493-B128-4631-81D6-9FAFDC318429}.Debug|Any CPU.ActiveCfg = Debug|Any CPU
		{47186493-B128-4631-81D6-9FAFDC318429}.Debug|Any CPU.Build.0 = Debug|Any CPU
		{47186493-B128-4631-81D6-9FAFDC318429}.Debug|x86.ActiveCfg = Debug|Any CPU
		{47186493-B128-4631-81D6-9FAFDC318429}.Debug|x86.Build.0 = Debug|Any CPU
		{47186493-B128-4631-81D6-9FAFDC318429}.Release|Any CPU.ActiveCfg = Release|Any CPU
		{47186493-B128-4631-81D6-9FAFDC318429}.Release|Any CPU.Build.0 = Release|Any CPU
		{47186493-B128-4631-81D6-9FAFDC318429}.Release|x86.ActiveCfg = Release|Any CPU
		{47186493-B128-4631-81D6-9FAFDC318429}.Release|x86.Build.0 = Release|Any CPU
		{74DE4329-BCC2-440B-9F23-B5AA1D65E72D}.Debug|Any CPU.ActiveCfg = Debug|Any CPU
		{74DE4329-BCC2-440B-9F23-B5AA1D65E72D}.Debug|Any CPU.Build.0 = Debug|Any CPU
		{74DE4329-BCC2-440B-9F23-B5AA1D65E72D}.Debug|x86.ActiveCfg = Debug|Any CPU
		{74DE4329-BCC2-440B-9F23-B5AA1D65E72D}.Debug|x86.Build.0 = Debug|Any CPU
		{74DE4329-BCC2-440B-9F23-B5AA1D65E72D}.Release|Any CPU.ActiveCfg = Release|Any CPU
		{74DE4329-BCC2-440B-9F23-B5AA1D65E72D}.Release|Any CPU.Build.0 = Release|Any CPU
		{74DE4329-BCC2-440B-9F23-B5AA1D65E72D}.Release|x86.ActiveCfg = Release|Any CPU
		{74DE4329-BCC2-440B-9F23-B5AA1D65E72D}.Release|x86.Build.0 = Release|Any CPU
		{9139D985-7494-414C-9454-F667E3E58B5F}.Debug|Any CPU.ActiveCfg = Debug|x86
		{9139D985-7494-414C-9454-F667E3E58B5F}.Debug|Any CPU.Build.0 = Debug|x86
		{9139D985-7494-414C-9454-F667E3E58B5F}.Debug|x86.ActiveCfg = Debug|x86
		{9139D985-7494-414C-9454-F667E3E58B5F}.Debug|x86.Build.0 = Debug|x86
		{9139D985-7494-414C-9454-F667E3E58B5F}.Release|Any CPU.ActiveCfg = Release|x86
		{9139D985-7494-414C-9454-F667E3E58B5F}.Release|Any CPU.Build.0 = Release|x86
		{9139D985-7494-414C-9454-F667E3E58B5F}.Release|x86.ActiveCfg = Release|x86
		{9139D985-7494-414C-9454-F667E3E58B5F}.Release|x86.Build.0 = Release|x86
		{958B379B-FD52-48B7-ADD8-3C844DB52D2D}.Debug|Any CPU.ActiveCfg = Debug|Any CPU
		{958B379B-FD52-48B7-ADD8-3C844DB52D2D}.Debug|Any CPU.Build.0 = Debug|Any CPU
		{958B379B-FD52-48B7-ADD8-3C844DB52D2D}.Debug|x86.ActiveCfg = Debug|Any CPU
		{958B379B-FD52-48B7-ADD8-3C844DB52D2D}.Debug|x86.Build.0 = Debug|Any CPU
		{958B379B-FD52-48B7-ADD8-3C844DB52D2D}.Release|Any CPU.ActiveCfg = Release|Any CPU
		{958B379B-FD52-48B7-ADD8-3C844DB52D2D}.Release|Any CPU.Build.0 = Release|Any CPU
		{958B379B-FD52-48B7-ADD8-3C844DB52D2D}.Release|x86.ActiveCfg = Release|Any CPU
		{958B379B-FD52-48B7-ADD8-3C844DB52D2D}.Release|x86.Build.0 = Release|Any CPU
		{D7B0A779-FCF1-43A1-BB55-6F7123A58754}.Debug|Any CPU.ActiveCfg = Debug|Any CPU
		{D7B0A779-FCF1-43A1-BB55-6F7123A58754}.Debug|Any CPU.Build.0 = Debug|Any CPU
		{D7B0A779-FCF1-43A1-BB55-6F7123A58754}.Debug|x86.ActiveCfg = Debug|Any CPU
		{D7B0A779-FCF1-43A1-BB55-6F7123A58754}.Debug|x86.Build.0 = Debug|Any CPU
		{D7B0A779-FCF1-43A1-BB55-6F7123A58754}.Release|Any CPU.ActiveCfg = Release|Any CPU
		{D7B0A779-FCF1-43A1-BB55-6F7123A58754}.Release|Any CPU.Build.0 = Release|Any CPU
		{D7B0A779-FCF1-43A1-BB55-6F7123A58754}.Release|x86.ActiveCfg = Release|Any CPU
		{D7B0A779-FCF1-43A1-BB55-6F7123A58754}.Release|x86.Build.0 = Release|Any CPU
		{293AF43A-F298-4FFB-BD59-61B319839136}.Debug|Any CPU.ActiveCfg = Debug|Any CPU
		{293AF43A-F298-4FFB-BD59-61B319839136}.Debug|Any CPU.Build.0 = Debug|Any CPU
		{293AF43A-F298-4FFB-BD59-61B319839136}.Debug|x86.ActiveCfg = Debug|Any CPU
		{293AF43A-F298-4FFB-BD59-61B319839136}.Debug|x86.Build.0 = Debug|Any CPU
		{293AF43A-F298-4FFB-BD59-61B319839136}.Release|Any CPU.ActiveCfg = Release|Any CPU
		{293AF43A-F298-4FFB-BD59-61B319839136}.Release|Any CPU.Build.0 = Release|Any CPU
		{293AF43A-F298-4FFB-BD59-61B319839136}.Release|x86.ActiveCfg = Release|Any CPU
		{293AF43A-F298-4FFB-BD59-61B319839136}.Release|x86.Build.0 = Release|Any CPU
		{87E7E716-6F4F-466B-8A50-FD6D7EAC9939}.Debug|Any CPU.ActiveCfg = Debug|Any CPU
		{87E7E716-6F4F-466B-8A50-FD6D7EAC9939}.Debug|Any CPU.Build.0 = Debug|Any CPU
		{87E7E716-6F4F-466B-8A50-FD6D7EAC9939}.Debug|x86.ActiveCfg = Debug|Any CPU
		{87E7E716-6F4F-466B-8A50-FD6D7EAC9939}.Debug|x86.Build.0 = Debug|Any CPU
		{87E7E716-6F4F-466B-8A50-FD6D7EAC9939}.Release|Any CPU.ActiveCfg = Release|Any CPU
		{87E7E716-6F4F-466B-8A50-FD6D7EAC9939}.Release|Any CPU.Build.0 = Release|Any CPU
		{87E7E716-6F4F-466B-8A50-FD6D7EAC9939}.Release|x86.ActiveCfg = Release|Any CPU
		{87E7E716-6F4F-466B-8A50-FD6D7EAC9939}.Release|x86.Build.0 = Release|Any CPU
		{A51802F3-4845-4E1C-A23F-4023C26765F0}.Debug|Any CPU.ActiveCfg = Debug|Any CPU
		{A51802F3-4845-4E1C-A23F-4023C26765F0}.Debug|Any CPU.Build.0 = Debug|Any CPU
		{A51802F3-4845-4E1C-A23F-4023C26765F0}.Debug|x86.ActiveCfg = Debug|Any CPU
		{A51802F3-4845-4E1C-A23F-4023C26765F0}.Debug|x86.Build.0 = Debug|Any CPU
		{A51802F3-4845-4E1C-A23F-4023C26765F0}.Release|Any CPU.ActiveCfg = Release|Any CPU
		{A51802F3-4845-4E1C-A23F-4023C26765F0}.Release|Any CPU.Build.0 = Release|Any CPU
		{A51802F3-4845-4E1C-A23F-4023C26765F0}.Release|x86.ActiveCfg = Release|Any CPU
		{A51802F3-4845-4E1C-A23F-4023C26765F0}.Release|x86.Build.0 = Release|Any CPU
		{E0223345-C7E6-4D9A-BC08-149023C1D5E2}.Debug|Any CPU.ActiveCfg = Debug|Any CPU
		{E0223345-C7E6-4D9A-BC08-149023C1D5E2}.Debug|Any CPU.Build.0 = Debug|Any CPU
		{E0223345-C7E6-4D9A-BC08-149023C1D5E2}.Debug|x86.ActiveCfg = Debug|Any CPU
		{E0223345-C7E6-4D9A-BC08-149023C1D5E2}.Debug|x86.Build.0 = Debug|Any CPU
		{E0223345-C7E6-4D9A-BC08-149023C1D5E2}.Release|Any CPU.ActiveCfg = Release|Any CPU
		{E0223345-C7E6-4D9A-BC08-149023C1D5E2}.Release|Any CPU.Build.0 = Release|Any CPU
		{E0223345-C7E6-4D9A-BC08-149023C1D5E2}.Release|x86.ActiveCfg = Release|Any CPU
		{E0223345-C7E6-4D9A-BC08-149023C1D5E2}.Release|x86.Build.0 = Release|Any CPU
		{E367084D-D2CB-41E7-901E-8C301D4D9480}.Debug|Any CPU.ActiveCfg = Debug|Any CPU
		{E367084D-D2CB-41E7-901E-8C301D4D9480}.Debug|Any CPU.Build.0 = Debug|Any CPU
		{E367084D-D2CB-41E7-901E-8C301D4D9480}.Debug|x86.ActiveCfg = Debug|Any CPU
		{E367084D-D2CB-41E7-901E-8C301D4D9480}.Debug|x86.Build.0 = Debug|Any CPU
		{E367084D-D2CB-41E7-901E-8C301D4D9480}.Release|Any CPU.ActiveCfg = Release|Any CPU
		{E367084D-D2CB-41E7-901E-8C301D4D9480}.Release|Any CPU.Build.0 = Release|Any CPU
		{E367084D-D2CB-41E7-901E-8C301D4D9480}.Release|x86.ActiveCfg = Release|Any CPU
		{E367084D-D2CB-41E7-901E-8C301D4D9480}.Release|x86.Build.0 = Release|Any CPU
		{AE805D9E-EF93-424E-8F78-8162B3898489}.Debug|Any CPU.ActiveCfg = Debug|Any CPU
		{AE805D9E-EF93-424E-8F78-8162B3898489}.Debug|Any CPU.Build.0 = Debug|Any CPU
		{AE805D9E-EF93-424E-8F78-8162B3898489}.Debug|x86.ActiveCfg = Debug|Any CPU
		{AE805D9E-EF93-424E-8F78-8162B3898489}.Debug|x86.Build.0 = Debug|Any CPU
		{AE805D9E-EF93-424E-8F78-8162B3898489}.Release|Any CPU.ActiveCfg = Release|Any CPU
		{AE805D9E-EF93-424E-8F78-8162B3898489}.Release|Any CPU.Build.0 = Release|Any CPU
		{AE805D9E-EF93-424E-8F78-8162B3898489}.Release|x86.ActiveCfg = Release|Any CPU
		{AE805D9E-EF93-424E-8F78-8162B3898489}.Release|x86.Build.0 = Release|Any CPU
	EndGlobalSection
	GlobalSection(SolutionProperties) = preSolution
		HideSolutionNode = FALSE
	EndGlobalSection
	GlobalSection(ExtensibilityGlobals) = postSolution
		SolutionGuid = {5DF12A00-039F-41AE-A04E-7C2807BC258B}
	EndGlobalSection
EndGlobal
